PODS:
  - add_2_calendar (0.0.1):
    - Flutter
  - Flutter (1.0.0)
  - flutter_local_notifications (0.0.1):
    - Flutter
  - JCore (5.3.1)
  - JPush (6.0.0):
    - JCore (> 5.1.1)
  - jpush_flutter (0.0.2):
    - Flutter
    - JCore (>= 5.2.0)
    - JPush (= 6.0.0)
  - shared_preferences_foundation (0.0.1):
    - Flutter
    - FlutterMacOS

DEPENDENCIES:
  - add_2_calendar (from `.symlinks/plugins/add_2_calendar/ios`)
  - Flutter (from `Flutter`)
  - flutter_local_notifications (from `.symlinks/plugins/flutter_local_notifications/ios`)
  - jpush_flutter (from `.symlinks/plugins/jpush_flutter/ios`)
  - shared_preferences_foundation (from `.symlinks/plugins/shared_preferences_foundation/darwin`)

SPEC REPOS:
  trunk:
    - JCore
    - JPush

EXTERNAL SOURCES:
  add_2_calendar:
    :path: ".symlinks/plugins/add_2_calendar/ios"
  Flutter:
    :path: Flutter
  flutter_local_notifications:
    :path: ".symlinks/plugins/flutter_local_notifications/ios"
  jpush_flutter:
    :path: ".symlinks/plugins/jpush_flutter/ios"
  shared_preferences_foundation:
    :path: ".symlinks/plugins/shared_preferences_foundation/darwin"

SPEC CHECKSUMS:
  add_2_calendar: e626377f607d055070093cbd56abd1fafa1a02a5
  Flutter: cabc95a1d2626b1b06e7179b784ebcf0c0cde467
  flutter_local_notifications: 643a3eda1ce1c0599413ca31672536d423dee214
  JCore: 3814e38743361bcff5ee86b9f2e417a4b4cbf8ed
  JPush: 17d6da90e9354860ab7ef9f104e0cd4331ecec95
  jpush_flutter: 7a240725df5c4d1d432d4420cce7cf6c99b0b416
  shared_preferences_foundation: 7036424c3d8ec98dfe75ff1667cb0cd531ec82bb

PODFILE CHECKSUM: 251cb053df7158f337c0712f2ab29f4e0fa474ce

COCOAPODS: 1.16.2
